{
  "name": "taxonamy",
  "lockfileVersion": 3,
  "requires": true,
  "packages": {
    "": {
      "dependencies": {
        "cities.json": "^1.1.43"
      }
    },
    "node_modules/cities.json": {
      "version": "1.1.43",
      "resolved": "https://registry.npmjs.org/cities.json/-/cities.json-1.1.43.tgz",
      "integrity": "sha512-dphkMbdctzXh/qL0pphv1GeFIhsLV2wFg61DE5iiz0S40jOHGeEUYKoxm9/uCxAdf0o8u4l5E344t2+yrQjDrw==",
      "license": "CC-BY-3.0"
    }
  }
}
